
Microsoft Visual Studio Solution File, Format Version 12.00
# Visual Studio Version 16
VisualStudioVersion = 16.0.29403.142
MinimumVisualStudioVersion = 10.0.40219.1
Project("{FAE04EC0-301F-11D3-BF4B-00C04F79EFBC}") = "Battleship.Tracker", "Battleship.Tracker.csproj", "{9C5CD71B-AB3F-4D40-992B-AEEE212F6DB5}"
EndProject
Project("{FAE04EC0-301F-11D3-BF4B-00C04F79EFBC}") = "Battleship.Tracker.Tests", "..\Battleship.Tracker.Tests\Battleship.Tracker.Tests.csproj", "{C3A0ED1C-3E50-458D-84BF-6DF15DC841BF}"
EndProject
Global
	GlobalSection(SolutionConfigurationPlatforms) = preSolution
		Debug|Any CPU = Debug|Any CPU
		Release|Any CPU = Release|Any CPU
	EndGlobalSection
	GlobalSection(ProjectConfigurationPlatforms) = postSolution
		{9C5CD71B-AB3F-4D40-992B-AEEE212F6DB5}.Debug|Any CPU.ActiveCfg = Debug|Any CPU
		{9C5CD71B-AB3F-4D40-992B-AEEE212F6DB5}.Debug|Any CPU.Build.0 = Debug|Any CPU
		{9C5CD71B-AB3F-4D40-992B-AEEE212F6DB5}.Release|Any CPU.ActiveCfg = Release|Any CPU
		{9C5CD71B-AB3F-4D40-992B-AEEE212F6DB5}.Release|Any CPU.Build.0 = Release|Any CPU
		{C3A0ED1C-3E50-458D-84BF-6DF15DC841BF}.Debug|Any CPU.ActiveCfg = Debug|Any CPU
		{C3A0ED1C-3E50-458D-84BF-6DF15DC841BF}.Debug|Any CPU.Build.0 = Debug|Any CPU
		{C3A0ED1C-3E50-458D-84BF-6DF15DC841BF}.Release|Any CPU.ActiveCfg = Release|Any CPU
		{C3A0ED1C-3E50-458D-84BF-6DF15DC841BF}.Release|Any CPU.Build.0 = Release|Any CPU
	EndGlobalSection
	GlobalSection(SolutionProperties) = preSolution
		HideSolutionNode = FALSE
	EndGlobalSection
	GlobalSection(ExtensibilityGlobals) = postSolution
		SolutionGuid = {27A29AFF-AA3D-4968-A95F-D37C0D874D07}
	EndGlobalSection
EndGlobal
